// !$*UTF8*$!
{
	archiveVersion = 1;
	classes = {
	};
	objectVersion = 55;
	objects = {

/* Begin PBXBuildFile section */
		1C23420C21D6DA742CD81023 /* Pods_MutchRecordApp.framework in Frameworks */ = {isa = PBXBuildFile; fileRef = 00B99C3A340AD23C0B8D489F /* Pods_MutchRecordApp.framework */; };
		28EA7ED0659FBF66BC68193B /* Pods_MutchRecordAppTests.framework in Frameworks */ = {isa = PBXBuildFile; fileRef = C4A2E567843E21C5BEE676B9 /* Pods_MutchRecordAppTests.framework */; };
		720D624529AA80C6003D7AC9 /* PlayerWeaponSingleton.swift in Sources */ = {isa = PBXBuildFile; fileRef = 720D624429AA80C6003D7AC9 /* PlayerWeaponSingleton.swift */; };
		7242A45329C9835300A57C62 /* CalculateData.swift in Sources */ = {isa = PBXBuildFile; fileRef = 7242A45229C9835300A57C62 /* CalculateData.swift */; };
		72468E2829A938970045C3B5 /* AppDelegate.swift in Sources */ = {isa = PBXBuildFile; fileRef = 72468E2729A938970045C3B5 /* AppDelegate.swift */; };
		72468E2A29A938970045C3B5 /* SceneDelegate.swift in Sources */ = {isa = PBXBuildFile; fileRef = 72468E2929A938970045C3B5 /* SceneDelegate.swift */; };
		72468E2C29A938970045C3B5 /* ViewController.swift in Sources */ = {isa = PBXBuildFile; fileRef = 72468E2B29A938970045C3B5 /* ViewController.swift */; };
		72468E2F29A938970045C3B5 /* Main.storyboard in Resources */ = {isa = PBXBuildFile; fileRef = 72468E2D29A938970045C3B5 /* Main.storyboard */; };
		72468E3129A938980045C3B5 /* Assets.xcassets in Resources */ = {isa = PBXBuildFile; fileRef = 72468E3029A938980045C3B5 /* Assets.xcassets */; };
		72468E3429A938980045C3B5 /* LaunchScreen.storyboard in Resources */ = {isa = PBXBuildFile; fileRef = 72468E3229A938980045C3B5 /* LaunchScreen.storyboard */; };
		72468E3F29A938990045C3B5 /* MutchRecordAppTests.swift in Sources */ = {isa = PBXBuildFile; fileRef = 72468E3E29A938990045C3B5 /* MutchRecordAppTests.swift */; };
		72468E4929A938990045C3B5 /* MutchRecordAppUITests.swift in Sources */ = {isa = PBXBuildFile; fileRef = 72468E4829A938990045C3B5 /* MutchRecordAppUITests.swift */; };
		72468E4B29A938990045C3B5 /* MutchRecordAppUITestsLaunchTests.swift in Sources */ = {isa = PBXBuildFile; fileRef = 72468E4A29A938990045C3B5 /* MutchRecordAppUITestsLaunchTests.swift */; };
		72468E5829A949D90045C3B5 /* RecordViewController.swift in Sources */ = {isa = PBXBuildFile; fileRef = 72468E5729A949D90045C3B5 /* RecordViewController.swift */; };
		72468E5A29A94ED70045C3B5 /* ShowRecordViewController.swift in Sources */ = {isa = PBXBuildFile; fileRef = 72468E5929A94ED70045C3B5 /* ShowRecordViewController.swift */; };
		726AF9E129AB55C800076732 /* AppFileManager.swift in Sources */ = {isa = PBXBuildFile; fileRef = 726AF9E029AB55C800076732 /* AppFileManager.swift */; };
		D18A9AE680181B246C262543 /* Pods_MutchRecordApp_MutchRecordAppUITests.framework in Frameworks */ = {isa = PBXBuildFile; fileRef = BEFA4CE51A486A0B8F02A6A9 /* Pods_MutchRecordApp_MutchRecordAppUITests.framework */; };
/* End PBXBuildFile section */

/* Begin PBXContainerItemProxy section */
		72468E3B29A938990045C3B5 /* PBXContainerItemProxy */ = {
			isa = PBXContainerItemProxy;
			containerPortal = 72468E1C29A938970045C3B5 /* Project object */;
			proxyType = 1;
			remoteGlobalIDString = 72468E2329A938970045C3B5;
			remoteInfo = MutchRecordApp;
		};
		72468E4529A938990045C3B5 /* PBXContainerItemProxy */ = {
			isa = PBXContainerItemProxy;
			containerPortal = 72468E1C29A938970045C3B5 /* Project object */;
			proxyType = 1;
			remoteGlobalIDString = 72468E2329A938970045C3B5;
			remoteInfo = MutchRecordApp;
		};
/* End PBXContainerItemProxy section */

/* Begin PBXFileReference section */
		00B99C3A340AD23C0B8D489F /* Pods_MutchRecordApp.framework */ = {isa = PBXFileReference; explicitFileType = wrapper.framework; includeInIndex = 0; path = Pods_MutchRecordApp.framework; sourceTree = BUILT_PRODUCTS_DIR; };
		1F89D8020EA4F538EDBC2221 /* Pods-MutchRecordAppTests.debug.xcconfig */ = {isa = PBXFileReference; includeInIndex = 1; lastKnownFileType = text.xcconfig; name = "Pods-MutchRecordAppTests.debug.xcconfig"; path = "Target Support Files/Pods-MutchRecordAppTests/Pods-MutchRecordAppTests.debug.xcconfig"; sourceTree = "<group>"; };
		2E1B42B6CFE2BA1130658F4E /* Pods-MutchRecordApp.debug.xcconfig */ = {isa = PBXFileReference; includeInIndex = 1; lastKnownFileType = text.xcconfig; name = "Pods-MutchRecordApp.debug.xcconfig"; path = "Target Support Files/Pods-MutchRecordApp/Pods-MutchRecordApp.debug.xcconfig"; sourceTree = "<group>"; };
		3DB0F9912BC282B7702E4675 /* Pods-MutchRecordApp.release.xcconfig */ = {isa = PBXFileReference; includeInIndex = 1; lastKnownFileType = text.xcconfig; name = "Pods-MutchRecordApp.release.xcconfig"; path = "Target Support Files/Pods-MutchRecordApp/Pods-MutchRecordApp.release.xcconfig"; sourceTree = "<group>"; };
		67E55E07258CC32384E77C77 /* Pods-MutchRecordApp-MutchRecordAppUITests.debug.xcconfig */ = {isa = PBXFileReference; includeInIndex = 1; lastKnownFileType = text.xcconfig; name = "Pods-MutchRecordApp-MutchRecordAppUITests.debug.xcconfig"; path = "Target Support Files/Pods-MutchRecordApp-MutchRecordAppUITests/Pods-MutchRecordApp-MutchRecordAppUITests.debug.xcconfig"; sourceTree = "<group>"; };
		720D624429AA80C6003D7AC9 /* PlayerWeaponSingleton.swift */ = {isa = PBXFileReference; lastKnownFileType = sourcecode.swift; path = PlayerWeaponSingleton.swift; sourceTree = "<group>"; };
		7242A45229C9835300A57C62 /* CalculateData.swift */ = {isa = PBXFileReference; lastKnownFileType = sourcecode.swift; path = CalculateData.swift; sourceTree = "<group>"; };
		72468E2429A938970045C3B5 /* MutchRecordApp.app */ = {isa = PBXFileReference; explicitFileType = wrapper.application; includeInIndex = 0; path = MutchRecordApp.app; sourceTree = BUILT_PRODUCTS_DIR; };
		72468E2729A938970045C3B5 /* AppDelegate.swift */ = {isa = PBXFileReference; lastKnownFileType = sourcecode.swift; path = AppDelegate.swift; sourceTree = "<group>"; };
		72468E2929A938970045C3B5 /* SceneDelegate.swift */ = {isa = PBXFileReference; lastKnownFileType = sourcecode.swift; path = SceneDelegate.swift; sourceTree = "<group>"; };
		72468E2B29A938970045C3B5 /* ViewController.swift */ = {isa = PBXFileReference; lastKnownFileType = sourcecode.swift; path = ViewController.swift; sourceTree = "<group>"; };
		72468E2E29A938970045C3B5 /* Base */ = {isa = PBXFileReference; lastKnownFileType = file.storyboard; name = Base; path = Base.lproj/Main.storyboard; sourceTree = "<group>"; };
		72468E3029A938980045C3B5 /* Assets.xcassets */ = {isa = PBXFileReference; lastKnownFileType = folder.assetcatalog; path = Assets.xcassets; sourceTree = "<group>"; };
		72468E3329A938980045C3B5 /* Base */ = {isa = PBXFileReference; lastKnownFileType = file.storyboard; name = Base; path = Base.lproj/LaunchScreen.storyboard; sourceTree = "<group>"; };
		72468E3529A938980045C3B5 /* Info.plist */ = {isa = PBXFileReference; lastKnownFileType = text.plist.xml; path = Info.plist; sourceTree = "<group>"; };
		72468E3A29A938990045C3B5 /* MutchRecordAppTests.xctest */ = {isa = PBXFileReference; explicitFileType = wrapper.cfbundle; includeInIndex = 0; path = MutchRecordAppTests.xctest; sourceTree = BUILT_PRODUCTS_DIR; };
		72468E3E29A938990045C3B5 /* MutchRecordAppTests.swift */ = {isa = PBXFileReference; lastKnownFileType = sourcecode.swift; path = MutchRecordAppTests.swift; sourceTree = "<group>"; };
		72468E4429A938990045C3B5 /* MutchRecordAppUITests.xctest */ = {isa = PBXFileReference; explicitFileType = wrapper.cfbundle; includeInIndex = 0; path = MutchRecordAppUITests.xctest; sourceTree = BUILT_PRODUCTS_DIR; };
		72468E4829A938990045C3B5 /* MutchRecordAppUITests.swift */ = {isa = PBXFileReference; lastKnownFileType = sourcecode.swift; path = MutchRecordAppUITests.swift; sourceTree = "<group>"; };
		72468E4A29A938990045C3B5 /* MutchRecordAppUITestsLaunchTests.swift */ = {isa = PBXFileReference; lastKnownFileType = sourcecode.swift; path = MutchRecordAppUITestsLaunchTests.swift; sourceTree = "<group>"; };
		72468E5729A949D90045C3B5 /* RecordViewController.swift */ = {isa = PBXFileReference; lastKnownFileType = sourcecode.swift; path = RecordViewController.swift; sourceTree = "<group>"; };
		72468E5929A94ED70045C3B5 /* ShowRecordViewController.swift */ = {isa = PBXFileReference; lastKnownFileType = sourcecode.swift; path = ShowRecordViewController.swift; sourceTree = "<group>"; };
		726AF9E029AB55C800076732 /* AppFileManager.swift */ = {isa = PBXFileReference; lastKnownFileType = sourcecode.swift; path = AppFileManager.swift; sourceTree = "<group>"; };
		9C7FDAF8DE51D4EACD77EE3A /* Pods-MutchRecordAppTests.release.xcconfig */ = {isa = PBXFileReference; includeInIndex = 1; lastKnownFileType = text.xcconfig; name = "Pods-MutchRecordAppTests.release.xcconfig"; path = "Target Support Files/Pods-MutchRecordAppTests/Pods-MutchRecordAppTests.release.xcconfig"; sourceTree = "<group>"; };
		BEFA4CE51A486A0B8F02A6A9 /* Pods_MutchRecordApp_MutchRecordAppUITests.framework */ = {isa = PBXFileReference; explicitFileType = wrapper.framework; includeInIndex = 0; path = Pods_MutchRecordApp_MutchRecordAppUITests.framework; sourceTree = BUILT_PRODUCTS_DIR; };
		C4A2E567843E21C5BEE676B9 /* Pods_MutchRecordAppTests.framework */ = {isa = PBXFileReference; explicitFileType = wrapper.framework; includeInIndex = 0; path = Pods_MutchRecordAppTests.framework; sourceTree = BUILT_PRODUCTS_DIR; };
		DBC194541873B0700C0308DE /* Pods-MutchRecordApp-MutchRecordAppUITests.release.xcconfig */ = {isa = PBXFileReference; includeInIndex = 1; lastKnownFileType = text.xcconfig; name = "Pods-MutchRecordApp-MutchRecordAppUITests.release.xcconfig"; path = "Target Support Files/Pods-MutchRecordApp-MutchRecordAppUITests/Pods-MutchRecordApp-MutchRecordAppUITests.release.xcconfig"; sourceTree = "<group>"; };
/* End PBXFileReference section */

/* Begin PBXFrameworksBuildPhase section */
		72468E2129A938970045C3B5 /* Frameworks */ = {
			isa = PBXFrameworksBuildPhase;
			buildActionMask = 2147483647;
			files = (
				1C23420C21D6DA742CD81023 /* Pods_MutchRecordApp.framework in Frameworks */,
			);
			runOnlyForDeploymentPostprocessing = 0;
		};
		72468E3729A938990045C3B5 /* Frameworks */ = {
			isa = PBXFrameworksBuildPhase;
			buildActionMask = 2147483647;
			files = (
				28EA7ED0659FBF66BC68193B /* Pods_MutchRecordAppTests.framework in Frameworks */,
			);
			runOnlyForDeploymentPostprocessing = 0;
		};
		72468E4129A938990045C3B5 /* Frameworks */ = {
			isa = PBXFrameworksBuildPhase;
			buildActionMask = 2147483647;
			files = (
				D18A9AE680181B246C262543 /* Pods_MutchRecordApp_MutchRecordAppUITests.framework in Frameworks */,
			);
			runOnlyForDeploymentPostprocessing = 0;
		};
/* End PBXFrameworksBuildPhase section */

/* Begin PBXGroup section */
		041AB43FD9A4EF0C24E67C4B /* Pods */ = {
			isa = PBXGroup;
			children = (
				2E1B42B6CFE2BA1130658F4E /* Pods-MutchRecordApp.debug.xcconfig */,
				3DB0F9912BC282B7702E4675 /* Pods-MutchRecordApp.release.xcconfig */,
				67E55E07258CC32384E77C77 /* Pods-MutchRecordApp-MutchRecordAppUITests.debug.xcconfig */,
				DBC194541873B0700C0308DE /* Pods-MutchRecordApp-MutchRecordAppUITests.release.xcconfig */,
				1F89D8020EA4F538EDBC2221 /* Pods-MutchRecordAppTests.debug.xcconfig */,
				9C7FDAF8DE51D4EACD77EE3A /* Pods-MutchRecordAppTests.release.xcconfig */,
			);
			path = Pods;
			sourceTree = "<group>";
		};
		72468E1B29A938970045C3B5 = {
			isa = PBXGroup;
			children = (
				72468E2629A938970045C3B5 /* MutchRecordApp */,
				72468E3D29A938990045C3B5 /* MutchRecordAppTests */,
				72468E4729A938990045C3B5 /* MutchRecordAppUITests */,
				72468E2529A938970045C3B5 /* Products */,
				041AB43FD9A4EF0C24E67C4B /* Pods */,
				AEDE35DCB15381A678002FC8 /* Frameworks */,
			);
			sourceTree = "<group>";
		};
		72468E2529A938970045C3B5 /* Products */ = {
			isa = PBXGroup;
			children = (
				72468E2429A938970045C3B5 /* MutchRecordApp.app */,
				72468E3A29A938990045C3B5 /* MutchRecordAppTests.xctest */,
				72468E4429A938990045C3B5 /* MutchRecordAppUITests.xctest */,
			);
			name = Products;
			sourceTree = "<group>";
		};
		72468E2629A938970045C3B5 /* MutchRecordApp */ = {
			isa = PBXGroup;
			children = (
				726AF9E029AB55C800076732 /* AppFileManager.swift */,
				720D624429AA80C6003D7AC9 /* PlayerWeaponSingleton.swift */,
				72468E5929A94ED70045C3B5 /* ShowRecordViewController.swift */,
				72468E5729A949D90045C3B5 /* RecordViewController.swift */,
				72468E2729A938970045C3B5 /* AppDelegate.swift */,
				72468E2929A938970045C3B5 /* SceneDelegate.swift */,
				72468E2B29A938970045C3B5 /* ViewController.swift */,
				72468E2D29A938970045C3B5 /* Main.storyboard */,
				72468E3029A938980045C3B5 /* Assets.xcassets */,
				72468E3229A938980045C3B5 /* LaunchScreen.storyboard */,
				72468E3529A938980045C3B5 /* Info.plist */,
				7242A45229C9835300A57C62 /* CalculateData.swift */,
			);
			path = MutchRecordApp;
			sourceTree = "<group>";
		};
		72468E3D29A938990045C3B5 /* MutchRecordAppTests */ = {
			isa = PBXGroup;
			children = (
				72468E3E29A938990045C3B5 /* MutchRecordAppTests.swift */,
			);
			path = MutchRecordAppTests;
			sourceTree = "<group>";
		};
		72468E4729A938990045C3B5 /* MutchRecordAppUITests */ = {
			isa = PBXGroup;
			children = (
				72468E4829A938990045C3B5 /* MutchRecordAppUITests.swift */,
				72468E4A29A938990045C3B5 /* MutchRecordAppUITestsLaunchTests.swift */,
			);
			path = MutchRecordAppUITests;
			sourceTree = "<group>";
		};
		AEDE35DCB15381A678002FC8 /* Frameworks */ = {
			isa = PBXGroup;
			children = (
				00B99C3A340AD23C0B8D489F /* Pods_MutchRecordApp.framework */,
				BEFA4CE51A486A0B8F02A6A9 /* Pods_MutchRecordApp_MutchRecordAppUITests.framework */,
				C4A2E567843E21C5BEE676B9 /* Pods_MutchRecordAppTests.framework */,
			);
			name = Frameworks;
			sourceTree = "<group>";
		};
/* End PBXGroup section */

/* Begin PBXNativeTarget section */
		72468E2329A938970045C3B5 /* MutchRecordApp */ = {
			isa = PBXNativeTarget;
			buildConfigurationList = 72468E4E29A938990045C3B5 /* Build configuration list for PBXNativeTarget "MutchRecordApp" */;
			buildPhases = (
				8F76633B2D5FAB911A4A56CB /* [CP] Check Pods Manifest.lock */,
				72468E2029A938970045C3B5 /* Sources */,
				72468E2129A938970045C3B5 /* Frameworks */,
				72468E2229A938970045C3B5 /* Resources */,
				FFDF1E99B8C02AAB2D4E2467 /* [CP] Embed Pods Frameworks */,
			);
			buildRules = (
			);
			dependencies = (
			);
			name = MutchRecordApp;
			productName = MutchRecordApp;
			productReference = 72468E2429A938970045C3B5 /* MutchRecordApp.app */;
			productType = "com.apple.product-type.application";
		};
		72468E3929A938990045C3B5 /* MutchRecordAppTests */ = {
			isa = PBXNativeTarget;
			buildConfigurationList = 72468E5129A938990045C3B5 /* Build configuration list for PBXNativeTarget "MutchRecordAppTests" */;
			buildPhases = (
				3E49D7285945C4C7B09F3FB4 /* [CP] Check Pods Manifest.lock */,
				72468E3629A938990045C3B5 /* Sources */,
				72468E3729A938990045C3B5 /* Frameworks */,
				72468E3829A938990045C3B5 /* Resources */,
			);
			buildRules = (
			);
			dependencies = (
				72468E3C29A938990045C3B5 /* PBXTargetDependency */,
			);
			name = MutchRecordAppTests;
			productName = MutchRecordAppTests;
			productReference = 72468E3A29A938990045C3B5 /* MutchRecordAppTests.xctest */;
			productType = "com.apple.product-type.bundle.unit-test";
		};
		72468E4329A938990045C3B5 /* MutchRecordAppUITests */ = {
			isa = PBXNativeTarget;
			buildConfigurationList = 72468E5429A938990045C3B5 /* Build configuration list for PBXNativeTarget "MutchRecordAppUITests" */;
			buildPhases = (
				4F66C1EA353E0CBA56BF0992 /* [CP] Check Pods Manifest.lock */,
				72468E4029A938990045C3B5 /* Sources */,
				72468E4129A938990045C3B5 /* Frameworks */,
				72468E4229A938990045C3B5 /* Resources */,
				4558D2EBEDBACFEF6BF6ECED /* [CP] Embed Pods Frameworks */,
			);
			buildRules = (
			);
			dependencies = (
				72468E4629A938990045C3B5 /* PBXTargetDependency */,
			);
			name = MutchRecordAppUITests;
			productName = MutchRecordAppUITests;
			productReference = 72468E4429A938990045C3B5 /* MutchRecordAppUITests.xctest */;
			productType = "com.apple.product-type.bundle.ui-testing";
		};
/* End PBXNativeTarget section */

/* Begin PBXProject section */
		72468E1C29A938970045C3B5 /* Project object */ = {
			isa = PBXProject;
			attributes = {
				BuildIndependentTargetsInParallel = 1;
				LastSwiftUpdateCheck = 1420;
				LastUpgradeCheck = 1420;
				TargetAttributes = {
					72468E2329A938970045C3B5 = {
						CreatedOnToolsVersion = 14.2;
					};
					72468E3929A938990045C3B5 = {
						CreatedOnToolsVersion = 14.2;
						TestTargetID = 72468E2329A938970045C3B5;
					};
					72468E4329A938990045C3B5 = {
						CreatedOnToolsVersion = 14.2;
						TestTargetID = 72468E2329A938970045C3B5;
					};
				};
			};
			buildConfigurationList = 72468E1F29A938970045C3B5 /* Build configuration list for PBXProject "MutchRecordApp" */;
			compatibilityVersion = "Xcode 13.0";
			developmentRegion = en;
			hasScannedForEncodings = 0;
			knownRegions = (
				en,
				Base,
			);
			mainGroup = 72468E1B29A938970045C3B5;
			productRefGroup = 72468E2529A938970045C3B5 /* Products */;
			projectDirPath = "";
			projectRoot = "";
			targets = (
				72468E2329A938970045C3B5 /* MutchRecordApp */,
				72468E3929A938990045C3B5 /* MutchRecordAppTests */,
				72468E4329A938990045C3B5 /* MutchRecordAppUITests */,
			);
		};
/* End PBXProject section */

/* Begin PBXResourcesBuildPhase section */
		72468E2229A938970045C3B5 /* Resources */ = {
			isa = PBXResourcesBuildPhase;
			buildActionMask = 2147483647;
			files = (
				72468E3429A938980045C3B5 /* LaunchScreen.storyboard in Resources */,
				72468E3129A938980045C3B5 /* Assets.xcassets in Resources */,
				72468E2F29A938970045C3B5 /* Main.storyboard in Resources */,
			);
			runOnlyForDeploymentPostprocessing = 0;
		};
		72468E3829A938990045C3B5 /* Resources */ = {
			isa = PBXResourcesBuildPhase;
			buildActionMask = 2147483647;
			files = (
			);
			runOnlyForDeploymentPostprocessing = 0;
		};
		72468E4229A938990045C3B5 /* Resources */ = {
			isa = PBXResourcesBuildPhase;
			buildActionMask = 2147483647;
			files = (
			);
			runOnlyForDeploymentPostprocessing = 0;
		};
/* End PBXResourcesBuildPhase section */

/* Begin PBXShellScriptBuildPhase section */
		3E49D7285945C4C7B09F3FB4 /* [CP] Check Pods Manifest.lock */ = {
			isa = PBXShellScriptBuildPhase;
			buildActionMask = 2147483647;
			files = (
			);
			inputFileListPaths = (
			);
			inputPaths = (
				"${PODS_PODFILE_DIR_PATH}/Podfile.lock",
				"${PODS_ROOT}/Manifest.lock",
			);
			name = "[CP] Check Pods Manifest.lock";
			outputFileListPaths = (
			);
			outputPaths = (
				"$(DERIVED_FILE_DIR)/Pods-MutchRecordAppTests-checkManifestLockResult.txt",
			);
			runOnlyForDeploymentPostprocessing = 0;
			shellPath = /bin/sh;
			shellScript = "diff \"${PODS_PODFILE_DIR_PATH}/Podfile.lock\" \"${PODS_ROOT}/Manifest.lock\" > /dev/null\nif [ $? != 0 ] ; then\n    # print error to STDERR\n    echo \"error: The sandbox is not in sync with the Podfile.lock. Run 'pod install' or update your CocoaPods installation.\" >&2\n    exit 1\nfi\n# This output is used by Xcode 'outputs' to avoid re-running this script phase.\necho \"SUCCESS\" > \"${SCRIPT_OUTPUT_FILE_0}\"\n";
			showEnvVarsInLog = 0;
		};
		4558D2EBEDBACFEF6BF6ECED /* [CP] Embed Pods Frameworks */ = {
			isa = PBXShellScriptBuildPhase;
			buildActionMask = 2147483647;
			files = (
			);
			inputFileListPaths = (
				"${PODS_ROOT}/Target Support Files/Pods-MutchRecordApp-MutchRecordAppUITests/Pods-MutchRecordApp-MutchRecordAppUITests-frameworks-${CONFIGURATION}-input-files.xcfilelist",
			);
			name = "[CP] Embed Pods Frameworks";
			outputFileListPaths = (
				"${PODS_ROOT}/Target Support Files/Pods-MutchRecordApp-MutchRecordAppUITests/Pods-MutchRecordApp-MutchRecordAppUITests-frameworks-${CONFIGURATION}-output-files.xcfilelist",
			);
			runOnlyForDeploymentPostprocessing = 0;
			shellPath = /bin/sh;
			shellScript = "\"${PODS_ROOT}/Target Support Files/Pods-MutchRecordApp-MutchRecordAppUITests/Pods-MutchRecordApp-MutchRecordAppUITests-frameworks.sh\"\n";
			showEnvVarsInLog = 0;
		};
		4F66C1EA353E0CBA56BF0992 /* [CP] Check Pods Manifest.lock */ = {
			isa = PBXShellScriptBuildPhase;
			buildActionMask = 2147483647;
			files = (
			);
			inputFileListPaths = (
			);
			inputPaths = (
				"${PODS_PODFILE_DIR_PATH}/Podfile.lock",
				"${PODS_ROOT}/Manifest.lock",
			);
			name = "[CP] Check Pods Manifest.lock";
			outputFileListPaths = (
			);
			outputPaths = (
				"$(DERIVED_FILE_DIR)/Pods-MutchRecordApp-MutchRecordAppUITests-checkManifestLockResult.txt",
			);
			runOnlyForDeploymentPostprocessing = 0;
			shellPath = /bin/sh;
			shellScript = "diff \"${PODS_PODFILE_DIR_PATH}/Podfile.lock\" \"${PODS_ROOT}/Manifest.lock\" > /dev/null\nif [ $? != 0 ] ; then\n    # print error to STDERR\n    echo \"error: The sandbox is not in sync with the Podfile.lock. Run 'pod install' or update your CocoaPods installation.\" >&2\n    exit 1\nfi\n# This output is used by Xcode 'outputs' to avoid re-running this script phase.\necho \"SUCCESS\" > \"${SCRIPT_OUTPUT_FILE_0}\"\n";
			showEnvVarsInLog = 0;
		};
		8F76633B2D5FAB911A4A56CB /* [CP] Check Pods Manifest.lock */ = {
			isa = PBXShellScriptBuildPhase;
			buildActionMask = 2147483647;
			files = (
			);
			inputFileListPaths = (
			);
			inputPaths = (
				"${PODS_PODFILE_DIR_PATH}/Podfile.lock",
				"${PODS_ROOT}/Manifest.lock",
			);
			name = "[CP] Check Pods Manifest.lock";
			outputFileListPaths = (
			);
			outputPaths = (
				"$(DERIVED_FILE_DIR)/Pods-MutchRecordApp-checkManifestLockResult.txt",
			);
			runOnlyForDeploymentPostprocessing = 0;
			shellPath = /bin/sh;
			shellScript = "diff \"${PODS_PODFILE_DIR_PATH}/Podfile.lock\" \"${PODS_ROOT}/Manifest.lock\" > /dev/null\nif [ $? != 0 ] ; then\n    # print error to STDERR\n    echo \"error: The sandbox is not in sync with the Podfile.lock. Run 'pod install' or update your CocoaPods installation.\" >&2\n    exit 1\nfi\n# This output is used by Xcode 'outputs' to avoid re-running this script phase.\necho \"SUCCESS\" > \"${SCRIPT_OUTPUT_FILE_0}\"\n";
			showEnvVarsInLog = 0;
		};
		FFDF1E99B8C02AAB2D4E2467 /* [CP] Embed Pods Frameworks */ = {
			isa = PBXShellScriptBuildPhase;
			buildActionMask = 2147483647;
			files = (
			);
			inputFileListPaths = (
				"${PODS_ROOT}/Target Support Files/Pods-MutchRecordApp/Pods-MutchRecordApp-frameworks-${CONFIGURATION}-input-files.xcfilelist",
			);
			name = "[CP] Embed Pods Frameworks";
			outputFileListPaths = (
				"${PODS_ROOT}/Target Support Files/Pods-MutchRecordApp/Pods-MutchRecordApp-frameworks-${CONFIGURATION}-output-files.xcfilelist",
			);
			runOnlyForDeploymentPostprocessing = 0;
			shellPath = /bin/sh;
			shellScript = "\"${PODS_ROOT}/Target Support Files/Pods-MutchRecordApp/Pods-MutchRecordApp-frameworks.sh\"\n";
			showEnvVarsInLog = 0;
		};
/* End PBXShellScriptBuildPhase section */

/* Begin PBXSourcesBuildPhase section */
		72468E2029A938970045C3B5 /* Sources */ = {
			isa = PBXSourcesBuildPhase;
			buildActionMask = 2147483647;
			files = (
				72468E2C29A938970045C3B5 /* ViewController.swift in Sources */,
				720D624529AA80C6003D7AC9 /* PlayerWeaponSingleton.swift in Sources */,
				72468E5829A949D90045C3B5 /* RecordViewController.swift in Sources */,
				726AF9E129AB55C800076732 /* AppFileManager.swift in Sources */,
				72468E2829A938970045C3B5 /* AppDelegate.swift in Sources */,
				72468E2A29A938970045C3B5 /* SceneDelegate.swift in Sources */,
				7242A45329C9835300A57C62 /* CalculateData.swift in Sources */,
				72468E5A29A94ED70045C3B5 /* ShowRecordViewController.swift in Sources */,
			);
			runOnlyForDeploymentPostprocessing = 0;
		};
		72468E3629A938990045C3B5 /* Sources */ = {
			isa = PBXSourcesBuildPhase;
			buildActionMask = 2147483647;
			files = (
				72468E3F29A938990045C3B5 /* MutchRecordAppTests.swift in Sources */,
			);
			runOnlyForDeploymentPostprocessing = 0;
		};
		72468E4029A938990045C3B5 /* Sources */ = {
			isa = PBXSourcesBuildPhase;
			buildActionMask = 2147483647;
			files = (
				72468E4929A938990045C3B5 /* MutchRecordAppUITests.swift in Sources */,
				72468E4B29A938990045C3B5 /* MutchRecordAppUITestsLaunchTests.swift in Sources */,
			);
			runOnlyForDeploymentPostprocessing = 0;
		};
/* End PBXSourcesBuildPhase section */

/* Begin PBXTargetDependency section */
		72468E3C29A938990045C3B5 /* PBXTargetDependency */ = {
			isa = PBXTargetDependency;
			target = 72468E2329A938970045C3B5 /* MutchRecordApp */;
			targetProxy = 72468E3B29A938990045C3B5 /* PBXContainerItemProxy */;
		};
		72468E4629A938990045C3B5 /* PBXTargetDependency */ = {
			isa = PBXTargetDependency;
			target = 72468E2329A938970045C3B5 /* MutchRecordApp */;
			targetProxy = 72468E4529A938990045C3B5 /* PBXContainerItemProxy */;
		};
/* End PBXTargetDependency section */

/* Begin PBXVariantGroup section */
		72468E2D29A938970045C3B5 /* Main.storyboard */ = {
			isa = PBXVariantGroup;
			children = (
				72468E2E29A938970045C3B5 /* Base */,
			);
			name = Main.storyboard;
			sourceTree = "<group>";
		};
		72468E3229A938980045C3B5 /* LaunchScreen.storyboard */ = {
			isa = PBXVariantGroup;
			children = (
				72468E3329A938980045C3B5 /* Base */,
			);
			name = LaunchScreen.storyboard;
			sourceTree = "<group>";
		};
/* End PBXVariantGroup section */

/* Begin XCBuildConfiguration section */
		72468E4C29A938990045C3B5 /* Debug */ = {
			isa = XCBuildConfiguration;
			buildSettings = {
				ALWAYS_SEARCH_USER_PATHS = NO;
				CLANG_ANALYZER_NONNULL = YES;
				CLANG_ANALYZER_NUMBER_OBJECT_CONVERSION = YES_AGGRESSIVE;
				CLANG_CXX_LANGUAGE_STANDARD = "gnu++20";
				CLANG_ENABLE_MODULES = YES;
				CLANG_ENABLE_OBJC_ARC = YES;
				CLANG_ENABLE_OBJC_WEAK = YES;
				CLANG_WARN_BLOCK_CAPTURE_AUTORELEASING = YES;
				CLANG_WARN_BOOL_CONVERSION = YES;
				CLANG_WARN_COMMA = YES;
				CLANG_WARN_CONSTANT_CONVERSION = YES;
				CLANG_WARN_DEPRECATED_OBJC_IMPLEMENTATIONS = YES;
				CLANG_WARN_DIRECT_OBJC_ISA_USAGE = YES_ERROR;
				CLANG_WARN_DOCUMENTATION_COMMENTS = YES;
				CLANG_WARN_EMPTY_BODY = YES;
				CLANG_WARN_ENUM_CONVERSION = YES;
				CLANG_WARN_INFINITE_RECURSION = YES;
				CLANG_WARN_INT_CONVERSION = YES;
				CLANG_WARN_NON_LITERAL_NULL_CONVERSION = YES;
				CLANG_WARN_OBJC_IMPLICIT_RETAIN_SELF = YES;
				CLANG_WARN_OBJC_LITERAL_CONVERSION = YES;
				CLANG_WARN_OBJC_ROOT_CLASS = YES_ERROR;
				CLANG_WARN_QUOTED_INCLUDE_IN_FRAMEWORK_HEADER = YES;
				CLANG_WARN_RANGE_LOOP_ANALYSIS = YES;
				CLANG_WARN_STRICT_PROTOTYPES = YES;
				CLANG_WARN_SUSPICIOUS_MOVE = YES;
				CLANG_WARN_UNGUARDED_AVAILABILITY = YES_AGGRESSIVE;
				CLANG_WARN_UNREACHABLE_CODE = YES;
				CLANG_WARN__DUPLICATE_METHOD_MATCH = YES;
				COPY_PHASE_STRIP = NO;
				DEBUG_INFORMATION_FORMAT = dwarf;
				ENABLE_STRICT_OBJC_MSGSEND = YES;
				ENABLE_TESTABILITY = YES;
				GCC_C_LANGUAGE_STANDARD = gnu11;
				GCC_DYNAMIC_NO_PIC = NO;
				GCC_NO_COMMON_BLOCKS = YES;
				GCC_OPTIMIZATION_LEVEL = 0;
				GCC_PREPROCESSOR_DEFINITIONS = (
					"DEBUG=1",
					"$(inherited)",
				);
				GCC_WARN_64_TO_32_BIT_CONVERSION = YES;
				GCC_WARN_ABOUT_RETURN_TYPE = YES_ERROR;
				GCC_WARN_UNDECLARED_SELECTOR = YES;
				GCC_WARN_UNINITIALIZED_AUTOS = YES_AGGRESSIVE;
				GCC_WARN_UNUSED_FUNCTION = YES;
				GCC_WARN_UNUSED_VARIABLE = YES;
				IPHONEOS_DEPLOYMENT_TARGET = 16.2;
				MTL_ENABLE_DEBUG_INFO = INCLUDE_SOURCE;
				MTL_FAST_MATH = YES;
				ONLY_ACTIVE_ARCH = YES;
				SDKROOT = iphoneos;
				SWIFT_ACTIVE_COMPILATION_CONDITIONS = DEBUG;
				SWIFT_OPTIMIZATION_LEVEL = "-Onone";
			};
			name = Debug;
		};
		72468E4D29A938990045C3B5 /* Release */ = {
			isa = XCBuildConfiguration;
			buildSettings = {
				ALWAYS_SEARCH_USER_PATHS = NO;
				CLANG_ANALYZER_NONNULL = YES;
				CLANG_ANALYZER_NUMBER_OBJECT_CONVERSION = YES_AGGRESSIVE;
				CLANG_CXX_LANGUAGE_STANDARD = "gnu++20";
				CLANG_ENABLE_MODULES = YES;
				CLANG_ENABLE_OBJC_ARC = YES;
				CLANG_ENABLE_OBJC_WEAK = YES;
				CLANG_WARN_BLOCK_CAPTURE_AUTORELEASING = YES;
				CLANG_WARN_BOOL_CONVERSION = YES;
				CLANG_WARN_COMMA = YES;
				CLANG_WARN_CONSTANT_CONVERSION = YES;
				CLANG_WARN_DEPRECATED_OBJC_IMPLEMENTATIONS = YES;
				CLANG_WARN_DIRECT_OBJC_ISA_USAGE = YES_ERROR;
				CLANG_WARN_DOCUMENTATION_COMMENTS = YES;
				CLANG_WARN_EMPTY_BODY = YES;
				CLANG_WARN_ENUM_CONVERSION = YES;
				CLANG_WARN_INFINITE_RECURSION = YES;
				CLANG_WARN_INT_CONVERSION = YES;
				CLANG_WARN_NON_LITERAL_NULL_CONVERSION = YES;
				CLANG_WARN_OBJC_IMPLICIT_RETAIN_SELF = YES;
				CLANG_WARN_OBJC_LITERAL_CONVERSION = YES;
				CLANG_WARN_OBJC_ROOT_CLASS = YES_ERROR;
				CLANG_WARN_QUOTED_INCLUDE_IN_FRAMEWORK_HEADER = YES;
				CLANG_WARN_RANGE_LOOP_ANALYSIS = YES;
				CLANG_WARN_STRICT_PROTOTYPES = YES;
				CLANG_WARN_SUSPICIOUS_MOVE = YES;
				CLANG_WARN_UNGUARDED_AVAILABILITY = YES_AGGRESSIVE;
				CLANG_WARN_UNREACHABLE_CODE = YES;
				CLANG_WARN__DUPLICATE_METHOD_MATCH = YES;
				COPY_PHASE_STRIP = NO;
				DEBUG_INFORMATION_FORMAT = "dwarf-with-dsym";
				ENABLE_NS_ASSERTIONS = NO;
				ENABLE_STRICT_OBJC_MSGSEND = YES;
				GCC_C_LANGUAGE_STANDARD = gnu11;
				GCC_NO_COMMON_BLOCKS = YES;
				GCC_WARN_64_TO_32_BIT_CONVERSION = YES;
				GCC_WARN_ABOUT_RETURN_TYPE = YES_ERROR;
				GCC_WARN_UNDECLARED_SELECTOR = YES;
				GCC_WARN_UNINITIALIZED_AUTOS = YES_AGGRESSIVE;
				GCC_WARN_UNUSED_FUNCTION = YES;
				GCC_WARN_UNUSED_VARIABLE = YES;
				IPHONEOS_DEPLOYMENT_TARGET = 16.2;
				MTL_ENABLE_DEBUG_INFO = NO;
				MTL_FAST_MATH = YES;
				SDKROOT = iphoneos;
				SWIFT_COMPILATION_MODE = wholemodule;
				SWIFT_OPTIMIZATION_LEVEL = "-O";
				VALIDATE_PRODUCT = YES;
			};
			name = Release;
		};
		72468E4F29A938990045C3B5 /* Debug */ = {
			isa = XCBuildConfiguration;
			baseConfigurationReference = 2E1B42B6CFE2BA1130658F4E /* Pods-MutchRecordApp.debug.xcconfig */;
			buildSettings = {
				ASSETCATALOG_COMPILER_APPICON_NAME = AppIcon;
				ASSETCATALOG_COMPILER_GLOBAL_ACCENT_COLOR_NAME = AccentColor;
				CODE_SIGN_STYLE = Automatic;
				CURRENT_PROJECT_VERSION = 1;
				DEVELOPMENT_TEAM = DJ5269D7TR;
				GENERATE_INFOPLIST_FILE = YES;
				INFOPLIST_FILE = MutchRecordApp/Info.plist;
				INFOPLIST_KEY_LSSupportsOpeningDocumentsInPlace = YES;
				INFOPLIST_KEY_UIApplicationSupportsIndirectInputEvents = YES;
				INFOPLIST_KEY_UILaunchStoryboardName = LaunchScreen;
				INFOPLIST_KEY_UIMainStoryboardFile = Main;
				INFOPLIST_KEY_UISupportedInterfaceOrientations_iPad = "UIInterfaceOrientationPortrait UIInterfaceOrientationPortraitUpsideDown UIInterfaceOrientationLandscapeLeft UIInterfaceOrientationLandscapeRight";
				INFOPLIST_KEY_UISupportedInterfaceOrientations_iPhone = "UIInterfaceOrientationPortrait UIInterfaceOrientationLandscapeLeft UIInterfaceOrientationLandscapeRight";
				IPHONEOS_DEPLOYMENT_TARGET = 16.0;
				LD_RUNPATH_SEARCH_PATHS = (
					"$(inherited)",
					"@executable_path/Frameworks",
				);
				MARKETING_VERSION = 1.0;
				PRODUCT_BUNDLE_IDENTIFIER = mikijuku.MutchRecordApp;
				PRODUCT_NAME = "$(TARGET_NAME)";
				SWIFT_EMIT_LOC_STRINGS = YES;
				SWIFT_VERSION = 5.0;
				TARGETED_DEVICE_FAMILY = "1,2";
			};
			name = Debug;
		};
		72468E5029A938990045C3B5 /* Release */ = {
			isa = XCBuildConfiguration;
			baseConfigurationReference = 3DB0F9912BC282B7702E4675 /* Pods-MutchRecordApp.release.xcconfig */;
			buildSettings = {
				ASSETCATALOG_COMPILER_APPICON_NAME = AppIcon;
				ASSETCATALOG_COMPILER_GLOBAL_ACCENT_COLOR_NAME = AccentColor;
				CODE_SIGN_STYLE = Automatic;
				CURRENT_PROJECT_VERSION = 1;
				DEVELOPMENT_TEAM = DJ5269D7TR;
				GENERATE_INFOPLIST_FILE = YES;
				INFOPLIST_FILE = MutchRecordApp/Info.plist;
				INFOPLIST_KEY_LSSupportsOpeningDocumentsInPlace = YES;
				INFOPLIST_KEY_UIApplicationSupportsIndirectInputEvents = YES;
				INFOPLIST_KEY_UILaunchStoryboardName = LaunchScreen;
				INFOPLIST_KEY_UIMainStoryboardFile = Main;
				INFOPLIST_KEY_UISupportedInterfaceOrientations_iPad = "UIInterfaceOrientationPortrait UIInterfaceOrientationPortraitUpsideDown UIInterfaceOrientationLandscapeLeft UIInterfaceOrientationLandscapeRight";
				INFOPLIST_KEY_UISupportedInterfaceOrientations_iPhone = "UIInterfaceOrientationPortrait UIInterfaceOrientationLandscapeLeft UIInterfaceOrientationLandscapeRight";
				IPHONEOS_DEPLOYMENT_TARGET = 16.0;
				LD_RUNPATH_SEARCH_PATHS = (
					"$(inherited)",
					"@executable_path/Frameworks",
				);
				MARKETING_VERSION = 1.0;
				PRODUCT_BUNDLE_IDENTIFIER = mikijuku.MutchRecordApp;
				PRODUCT_NAME = "$(TARGET_NAME)";
				SWIFT_EMIT_LOC_STRINGS = YES;
				SWIFT_VERSION = 5.0;
				TARGETED_DEVICE_FAMILY = "1,2";
			};
			name = Release;
		};
		72468E5229A938990045C3B5 /* Debug */ = {
			isa = XCBuildConfiguration;
			baseConfigurationReference = 1F89D8020EA4F538EDBC2221 /* Pods-MutchRecordAppTests.debug.xcconfig */;
			buildSettings = {
				ALWAYS_EMBED_SWIFT_STANDARD_LIBRARIES = YES;
				BUNDLE_LOADER = "$(TEST_HOST)";
				CODE_SIGN_STYLE = Automatic;
				CURRENT_PROJECT_VERSION = 1;
				DEVELOPMENT_TEAM = DJ5269D7TR;
				GENERATE_INFOPLIST_FILE = YES;
				IPHONEOS_DEPLOYMENT_TARGET = 16.2;
				MARKETING_VERSION = 1.0;
				PRODUCT_BUNDLE_IDENTIFIER = mikijuku.MutchRecordAppTests;
				PRODUCT_NAME = "$(TARGET_NAME)";
				SWIFT_EMIT_LOC_STRINGS = NO;
				SWIFT_VERSION = 5.0;
				TARGETED_DEVICE_FAMILY = "1,2";
				TEST_HOST = "$(BUILT_PRODUCTS_DIR)/MutchRecordApp.app/$(BUNDLE_EXECUTABLE_FOLDER_PATH)/MutchRecordApp";
			};
			name = Debug;
		};
		72468E5329A938990045C3B5 /* Release */ = {
			isa = XCBuildConfiguration;
			baseConfigurationReference = 9C7FDAF8DE51D4EACD77EE3A /* Pods-MutchRecordAppTests.release.xcconfig */;
			buildSettings = {
				ALWAYS_EMBED_SWIFT_STANDARD_LIBRARIES = YES;
				BUNDLE_LOADER = "$(TEST_HOST)";
				CODE_SIGN_STYLE = Automatic;
				CURRENT_PROJECT_VERSION = 1;
				DEVELOPMENT_TEAM = DJ5269D7TR;
				GENERATE_INFOPLIST_FILE = YES;
				IPHONEOS_DEPLOYMENT_TARGET = 16.2;
				MARKETING_VERSION = 1.0;
				PRODUCT_BUNDLE_IDENTIFIER = mikijuku.MutchRecordAppTests;
				PRODUCT_NAME = "$(TARGET_NAME)";
				SWIFT_EMIT_LOC_STRINGS = NO;
				SWIFT_VERSION = 5.0;
				TARGETED_DEVICE_FAMILY = "1,2";
				TEST_HOST = "$(BUILT_PRODUCTS_DIR)/MutchRecordApp.app/$(BUNDLE_EXECUTABLE_FOLDER_PATH)/MutchRecordApp";
			};
			name = Release;
		};
		72468E5529A938990045C3B5 /* Debug */ = {
			isa = XCBuildConfiguration;
			baseConfigurationReference = 67E55E07258CC32384E77C77 /* Pods-MutchRecordApp-MutchRecordAppUITests.debug.xcconfig */;
			buildSettings = {
				ALWAYS_EMBED_SWIFT_STANDARD_LIBRARIES = YES;
				CODE_SIGN_STYLE = Automatic;
				CURRENT_PROJECT_VERSION = 1;
				DEVELOPMENT_TEAM = DJ5269D7TR;
				GENERATE_INFOPLIST_FILE = YES;
				MARKETING_VERSION = 1.0;
				PRODUCT_BUNDLE_IDENTIFIER = mikijuku.MutchRecordAppUITests;
				PRODUCT_NAME = "$(TARGET_NAME)";
				SWIFT_EMIT_LOC_STRINGS = NO;
				SWIFT_VERSION = 5.0;
				TARGETED_DEVICE_FAMILY = "1,2";
				TEST_TARGET_NAME = MutchRecordApp;
			};
			name = Debug;
		};
		72468E5629A938990045C3B5 /* Release */ = {
			isa = XCBuildConfiguration;
			baseConfigurationReference = DBC194541873B0700C0308DE /* Pods-MutchRecordApp-MutchRecordAppUITests.release.xcconfig */;
			buildSettings = {
				ALWAYS_EMBED_SWIFT_STANDARD_LIBRARIES = YES;
				CODE_SIGN_STYLE = Automatic;
				CURRENT_PROJECT_VERSION = 1;
				DEVELOPMENT_TEAM = DJ5269D7TR;
				GENERATE_INFOPLIST_FILE = YES;
				MARKETING_VERSION = 1.0;
				PRODUCT_BUNDLE_IDENTIFIER = mikijuku.MutchRecordAppUITests;
				PRODUCT_NAME = "$(TARGET_NAME)";
				SWIFT_EMIT_LOC_STRINGS = NO;
				SWIFT_VERSION = 5.0;
				TARGETED_DEVICE_FAMILY = "1,2";
				TEST_TARGET_NAME = MutchRecordApp;
			};
			name = Release;
		};
/* End XCBuildConfiguration section */

/* Begin XCConfigurationList section */
		72468E1F29A938970045C3B5 /* Build configuration list for PBXProject "MutchRecordApp" */ = {
			isa = XCConfigurationList;
			buildConfigurations = (
				72468E4C29A938990045C3B5 /* Debug */,
				72468E4D29A938990045C3B5 /* Release */,
			);
			defaultConfigurationIsVisible = 0;
			defaultConfigurationName = Release;
		};
		72468E4E29A938990045C3B5 /* Build configuration list for PBXNativeTarget "MutchRecordApp" */ = {
			isa = XCConfigurationList;
			buildConfigurations = (
				72468E4F29A938990045C3B5 /* Debug */,
				72468E5029A938990045C3B5 /* Release */,
			);
			defaultConfigurationIsVisible = 0;
			defaultConfigurationName = Release;
		};
		72468E5129A938990045C3B5 /* Build configuration list for PBXNativeTarget "MutchRecordAppTests" */ = {
			isa = XCConfigurationList;
			buildConfigurations = (
				72468E5229A938990045C3B5 /* Debug */,
				72468E5329A938990045C3B5 /* Release */,
			);
			defaultConfigurationIsVisible = 0;
			defaultConfigurationName = Release;
		};
		72468E5429A938990045C3B5 /* Build configuration list for PBXNativeTarget "MutchRecordAppUITests" */ = {
			isa = XCConfigurationList;
			buildConfigurations = (
				72468E5529A938990045C3B5 /* Debug */,
				72468E5629A938990045C3B5 /* Release */,
			);
			defaultConfigurationIsVisible = 0;
			defaultConfigurationName = Release;
		};
/* End XCConfigurationList section */
	};
	rootObject = 72468E1C29A938970045C3B5 /* Project object */;
}
